
Microsoft Visual Studio Solution File, Format Version 12.00
# Visual Studio Version 16
VisualStudioVersion = 16.0.31402.337
MinimumVisualStudioVersion = 10.0.40219.1
Project("{FAE04EC0-301F-11D3-BF4B-00C04F79EFBC}") = "SampleOfTelegramBot", "SampleOfTelegramBot\SampleOfTelegramBot.csproj", "{A9F9A13F-E49A-474D-BBFD-49073FCE62DE}"
EndProject
Global
	GlobalSection(SolutionConfigurationPlatforms) = preSolution
		Debug|Any CPU = Debug|Any CPU
		Release|Any CPU = Release|Any CPU
	EndGlobalSection
	GlobalSection(ProjectConfigurationPlatforms) = postSolution
		{A9F9A13F-E49A-474D-BBFD-49073FCE62DE}.Debug|Any CPU.ActiveCfg = Debug|Any CPU
		{A9F9A13F-E49A-474D-BBFD-49073FCE62DE}.Debug|Any CPU.Build.0 = Debug|Any CPU
		{A9F9A13F-E49A-474D-BBFD-49073FCE62DE}.Release|Any CPU.ActiveCfg = Release|Any CPU
		{A9F9A13F-E49A-474D-BBFD-49073FCE62DE}.Release|Any CPU.Build.0 = Release|Any CPU
	EndGlobalSection
	GlobalSection(SolutionProperties) = preSolution
		HideSolutionNode = FALSE
	EndGlobalSection
	GlobalSection(ExtensibilityGlobals) = postSolution
		SolutionGuid = {6D4CDC71-0D91-4FA9-9712-D4F0B239B849}
	EndGlobalSection
EndGlobal
